
Microsoft Visual Studio Solution File, Format Version 12.00
# Visual Studio Version 16
VisualStudioVersion = 16.0.29201.188
MinimumVisualStudioVersion = 10.0.40219.1
Project("{FAE04EC0-301F-11D3-BF4B-00C04F79EFBC}") = "ApiAltura", "ApiAltura\ApiAltura.csproj", "{02D23F4B-F584-466A-9512-0F12DCFC5CE3}"
EndProject
Global
	GlobalSection(SolutionConfigurationPlatforms) = preSolution
		Debug|Any CPU = Debug|Any CPU
		Release|Any CPU = Release|Any CPU
	EndGlobalSection
	GlobalSection(ProjectConfigurationPlatforms) = postSolution
		{02D23F4B-F584-466A-9512-0F12DCFC5CE3}.Debug|Any CPU.ActiveCfg = Debug|Any CPU
		{02D23F4B-F584-466A-9512-0F12DCFC5CE3}.Debug|Any CPU.Build.0 = Debug|Any CPU
		{02D23F4B-F584-466A-9512-0F12DCFC5CE3}.Release|Any CPU.ActiveCfg = Release|Any CPU
		{02D23F4B-F584-466A-9512-0F12DCFC5CE3}.Release|Any CPU.Build.0 = Release|Any CPU
	EndGlobalSection
	GlobalSection(SolutionProperties) = preSolution
		HideSolutionNode = FALSE
	EndGlobalSection
	GlobalSection(ExtensibilityGlobals) = postSolution
		SolutionGuid = {721FB911-D820-4943-8C31-2409DFA8AA09}
	EndGlobalSection
EndGlobal
